// !$*UTF8*$!
{
	archiveVersion = 1;
	classes = {
	};
	objectVersion = 50;
	objects = {

/* Begin PBXBuildFile section */
		F5C435DE2B539FB500E7E921 /* AppDelegate.swift in Sources */ = {isa = PBXBuildFile; fileRef = F5C435DD2B539FB500E7E921 /* AppDelegate.swift */; };
		F5C435E02B539FB500E7E921 /* SceneDelegate.swift in Sources */ = {isa = PBXBuildFile; fileRef = F5C435DF2B539FB500E7E921 /* SceneDelegate.swift */; };
		F5C435E22B539FB500E7E921 /* ContentView.swift in Sources */ = {isa = PBXBuildFile; fileRef = F5C435E12B539FB500E7E921 /* ContentView.swift */; };
		F5C435E42B539FB800E7E921 /* Assets.xcassets in Resources */ = {isa = PBXBuildFile; fileRef = F5C435E32B539FB800E7E921 /* Assets.xcassets */; };
		F5C435E72B539FB800E7E921 /* Preview Assets.xcassets in Resources */ = {isa = PBXBuildFile; fileRef = F5C435E62B539FB800E7E921 /* Preview Assets.xcassets */; };
		F5C435EA2B539FB800E7E921 /* LaunchScreen.storyboard in Resources */ = {isa = PBXBuildFile; fileRef = F5C435E82B539FB800E7E921 /* LaunchScreen.storyboard */; };
		F5C435F52B539FB800E7E921 /* LoginTests.swift in Sources */ = {isa = PBXBuildFile; fileRef = F5C435F42B539FB800E7E921 /* LoginTests.swift */; };
		F5C436002B539FB800E7E921 /* LoginUITests.swift in Sources */ = {isa = PBXBuildFile; fileRef = F5C435FF2B539FB800E7E921 /* LoginUITests.swift */; };
		F5C436102B53A25500E7E921 /* .gitignore in Resources */ = {isa = PBXBuildFile; fileRef = F5C4360F2B53A25400E7E921 /* .gitignore */; };
/* End PBXBuildFile section */

/* Begin PBXContainerItemProxy section */
		F5C435F12B539FB800E7E921 /* PBXContainerItemProxy */ = {
			isa = PBXContainerItemProxy;
			containerPortal = F5C435D22B539FB500E7E921 /* Project object */;
			proxyType = 1;
			remoteGlobalIDString = F5C435D92B539FB500E7E921;
			remoteInfo = Login;
		};
		F5C435FC2B539FB800E7E921 /* PBXContainerItemProxy */ = {
			isa = PBXContainerItemProxy;
			containerPortal = F5C435D22B539FB500E7E921 /* Project object */;
			proxyType = 1;
			remoteGlobalIDString = F5C435D92B539FB500E7E921;
			remoteInfo = Login;
		};
/* End PBXContainerItemProxy section */

/* Begin PBXFileReference section */
		F5C435DA2B539FB500E7E921 /* Login.app */ = {isa = PBXFileReference; explicitFileType = wrapper.application; includeInIndex = 0; path = Login.app; sourceTree = BUILT_PRODUCTS_DIR; };
		F5C435DD2B539FB500E7E921 /* AppDelegate.swift */ = {isa = PBXFileReference; lastKnownFileType = sourcecode.swift; path = AppDelegate.swift; sourceTree = "<group>"; };
		F5C435DF2B539FB500E7E921 /* SceneDelegate.swift */ = {isa = PBXFileReference; lastKnownFileType = sourcecode.swift; path = SceneDelegate.swift; sourceTree = "<group>"; };
		F5C435E12B539FB500E7E921 /* ContentView.swift */ = {isa = PBXFileReference; lastKnownFileType = sourcecode.swift; path = ContentView.swift; sourceTree = "<group>"; };
		F5C435E32B539FB800E7E921 /* Assets.xcassets */ = {isa = PBXFileReference; lastKnownFileType = folder.assetcatalog; path = Assets.xcassets; sourceTree = "<group>"; };
		F5C435E62B539FB800E7E921 /* Preview Assets.xcassets */ = {isa = PBXFileReference; lastKnownFileType = folder.assetcatalog; path = "Preview Assets.xcassets"; sourceTree = "<group>"; };
		F5C435E92B539FB800E7E921 /* Base */ = {isa = PBXFileReference; lastKnownFileType = file.storyboard; name = Base; path = Base.lproj/LaunchScreen.storyboard; sourceTree = "<group>"; };
		F5C435EB2B539FB800E7E921 /* Info.plist */ = {isa = PBXFileReference; lastKnownFileType = text.plist.xml; path = Info.plist; sourceTree = "<group>"; };
		F5C435F02B539FB800E7E921 /* LoginTests.xctest */ = {isa = PBXFileReference; explicitFileType = wrapper.cfbundle; includeInIndex = 0; path = LoginTests.xctest; sourceTree = BUILT_PRODUCTS_DIR; };
		F5C435F42B539FB800E7E921 /* LoginTests.swift */ = {isa = PBXFileReference; lastKnownFileType = sourcecode.swift; path = LoginTests.swift; sourceTree = "<group>"; };
		F5C435F62B539FB800E7E921 /* Info.plist */ = {isa = PBXFileReference; lastKnownFileType = text.plist.xml; path = Info.plist; sourceTree = "<group>"; };
		F5C435FB2B539FB800E7E921 /* LoginUITests.xctest */ = {isa = PBXFileReference; explicitFileType = wrapper.cfbundle; includeInIndex = 0; path = LoginUITests.xctest; sourceTree = BUILT_PRODUCTS_DIR; };
		F5C435FF2B539FB800E7E921 /* LoginUITests.swift */ = {isa = PBXFileReference; lastKnownFileType = sourcecode.swift; path = LoginUITests.swift; sourceTree = "<group>"; };
		F5C436012B539FB800E7E921 /* Info.plist */ = {isa = PBXFileReference; lastKnownFileType = text.plist.xml; path = Info.plist; sourceTree = "<group>"; };
		F5C4360F2B53A25400E7E921 /* .gitignore */ = {isa = PBXFileReference; lastKnownFileType = text; path = .gitignore; sourceTree = "<group>"; };
/* End PBXFileReference section */

/* Begin PBXFrameworksBuildPhase section */
		F5C435D72B539FB500E7E921 /* Frameworks */ = {
			isa = PBXFrameworksBuildPhase;
			buildActionMask = 2147483647;
			files = (
			);
			runOnlyForDeploymentPostprocessing = 0;
		};
		F5C435ED2B539FB800E7E921 /* Frameworks */ = {
			isa = PBXFrameworksBuildPhase;
			buildActionMask = 2147483647;
			files = (
			);
			runOnlyForDeploymentPostprocessing = 0;
		};
		F5C435F82B539FB800E7E921 /* Frameworks */ = {
			isa = PBXFrameworksBuildPhase;
			buildActionMask = 2147483647;
			files = (
			);
			runOnlyForDeploymentPostprocessing = 0;
		};
/* End PBXFrameworksBuildPhase section */

/* Begin PBXGroup section */
		F5C435D12B539FB500E7E921 = {
			isa = PBXGroup;
			children = (
				F5C4360F2B53A25400E7E921 /* .gitignore */,
				F5C435DC2B539FB500E7E921 /* Login */,
				F5C435F32B539FB800E7E921 /* LoginTests */,
				F5C435FE2B539FB800E7E921 /* LoginUITests */,
				F5C435DB2B539FB500E7E921 /* Products */,
			);
			sourceTree = "<group>";
		};
		F5C435DB2B539FB500E7E921 /* Products */ = {
			isa = PBXGroup;
			children = (
				F5C435DA2B539FB500E7E921 /* Login.app */,
				F5C435F02B539FB800E7E921 /* LoginTests.xctest */,
				F5C435FB2B539FB800E7E921 /* LoginUITests.xctest */,
			);
			name = Products;
			sourceTree = "<group>";
		};
		F5C435DC2B539FB500E7E921 /* Login */ = {
			isa = PBXGroup;
			children = (
				F5C435DD2B539FB500E7E921 /* AppDelegate.swift */,
				F5C435DF2B539FB500E7E921 /* SceneDelegate.swift */,
				F5C435E12B539FB500E7E921 /* ContentView.swift */,
				F5C435E32B539FB800E7E921 /* Assets.xcassets */,
				F5C435E82B539FB800E7E921 /* LaunchScreen.storyboard */,
				F5C435EB2B539FB800E7E921 /* Info.plist */,
				F5C435E52B539FB800E7E921 /* Preview Content */,
			);
			path = Login;
			sourceTree = "<group>";
		};
		F5C435E52B539FB800E7E921 /* Preview Content */ = {
			isa = PBXGroup;
			children = (
				F5C435E62B539FB800E7E921 /* Preview Assets.xcassets */,
			);
			path = "Preview Content";
			sourceTree = "<group>";
		};
		F5C435F32B539FB800E7E921 /* LoginTests */ = {
			isa = PBXGroup;
			children = (
				F5C435F42B539FB800E7E921 /* LoginTests.swift */,
				F5C435F62B539FB800E7E921 /* Info.plist */,
			);
			path = LoginTests;
			sourceTree = "<group>";
		};
		F5C435FE2B539FB800E7E921 /* LoginUITests */ = {
			isa = PBXGroup;
			children = (
				F5C435FF2B539FB800E7E921 /* LoginUITests.swift */,
				F5C436012B539FB800E7E921 /* Info.plist */,
			);
			path = LoginUITests;
			sourceTree = "<group>";
		};
/* End PBXGroup section */

/* Begin PBXNativeTarget section */
		F5C435D92B539FB500E7E921 /* Login */ = {
			isa = PBXNativeTarget;
			buildConfigurationList = F5C436042B539FB800E7E921 /* Build configuration list for PBXNativeTarget "Login" */;
			buildPhases = (
				F5C435D62B539FB500E7E921 /* Sources */,
				F5C435D72B539FB500E7E921 /* Frameworks */,
				F5C435D82B539FB500E7E921 /* Resources */,
			);
			buildRules = (
			);
			dependencies = (
			);
			name = Login;
			productName = Login;
			productReference = F5C435DA2B539FB500E7E921 /* Login.app */;
			productType = "com.apple.product-type.application";
		};
		F5C435EF2B539FB800E7E921 /* LoginTests */ = {
			isa = PBXNativeTarget;
			buildConfigurationList = F5C436072B539FB800E7E921 /* Build configuration list for PBXNativeTarget "LoginTests" */;
			buildPhases = (
				F5C435EC2B539FB800E7E921 /* Sources */,
				F5C435ED2B539FB800E7E921 /* Frameworks */,
				F5C435EE2B539FB800E7E921 /* Resources */,
			);
			buildRules = (
			);
			dependencies = (
				F5C435F22B539FB800E7E921 /* PBXTargetDependency */,
			);
			name = LoginTests;
			productName = LoginTests;
			productReference = F5C435F02B539FB800E7E921 /* LoginTests.xctest */;
			productType = "com.apple.product-type.bundle.unit-test";
		};
		F5C435FA2B539FB800E7E921 /* LoginUITests */ = {
			isa = PBXNativeTarget;
			buildConfigurationList = F5C4360A2B539FB800E7E921 /* Build configuration list for PBXNativeTarget "LoginUITests" */;
			buildPhases = (
				F5C435F72B539FB800E7E921 /* Sources */,
				F5C435F82B539FB800E7E921 /* Frameworks */,
				F5C435F92B539FB800E7E921 /* Resources */,
			);
			buildRules = (
			);
			dependencies = (
				F5C435FD2B539FB800E7E921 /* PBXTargetDependency */,
			);
			name = LoginUITests;
			productName = LoginUITests;
			productReference = F5C435FB2B539FB800E7E921 /* LoginUITests.xctest */;
			productType = "com.apple.product-type.bundle.ui-testing";
		};
/* End PBXNativeTarget section */

/* Begin PBXProject section */
		F5C435D22B539FB500E7E921 /* Project object */ = {
			isa = PBXProject;
			attributes = {
				LastSwiftUpdateCheck = 1250;
				LastUpgradeCheck = 1250;
				TargetAttributes = {
					F5C435D92B539FB500E7E921 = {
						CreatedOnToolsVersion = 12.5.1;
					};
					F5C435EF2B539FB800E7E921 = {
						CreatedOnToolsVersion = 12.5.1;
						TestTargetID = F5C435D92B539FB500E7E921;
					};
					F5C435FA2B539FB800E7E921 = {
						CreatedOnToolsVersion = 12.5.1;
						TestTargetID = F5C435D92B539FB500E7E921;
					};
				};
			};
			buildConfigurationList = F5C435D52B539FB500E7E921 /* Build configuration list for PBXProject "Login" */;
			compatibilityVersion = "Xcode 9.3";
			developmentRegion = en;
			hasScannedForEncodings = 0;
			knownRegions = (
				en,
				Base,
			);
			mainGroup = F5C435D12B539FB500E7E921;
			productRefGroup = F5C435DB2B539FB500E7E921 /* Products */;
			projectDirPath = "";
			projectRoot = "";
			targets = (
				F5C435D92B539FB500E7E921 /* Login */,
				F5C435EF2B539FB800E7E921 /* LoginTests */,
				F5C435FA2B539FB800E7E921 /* LoginUITests */,
			);
		};
/* End PBXProject section */

/* Begin PBXResourcesBuildPhase section */
		F5C435D82B539FB500E7E921 /* Resources */ = {
			isa = PBXResourcesBuildPhase;
			buildActionMask = 2147483647;
			files = (
				F5C436102B53A25500E7E921 /* .gitignore in Resources */,
				F5C435EA2B539FB800E7E921 /* LaunchScreen.storyboard in Resources */,
				F5C435E72B539FB800E7E921 /* Preview Assets.xcassets in Resources */,
				F5C435E42B539FB800E7E921 /* Assets.xcassets in Resources */,
			);
			runOnlyForDeploymentPostprocessing = 0;
		};
		F5C435EE2B539FB800E7E921 /* Resources */ = {
			isa = PBXResourcesBuildPhase;
			buildActionMask = 2147483647;
			files = (
			);
			runOnlyForDeploymentPostprocessing = 0;
		};
		F5C435F92B539FB800E7E921 /* Resources */ = {
			isa = PBXResourcesBuildPhase;
			buildActionMask = 2147483647;
			files = (
			);
			runOnlyForDeploymentPostprocessing = 0;
		};
/* End PBXResourcesBuildPhase section */

/* Begin PBXSourcesBuildPhase section */
		F5C435D62B539FB500E7E921 /* Sources */ = {
			isa = PBXSourcesBuildPhase;
			buildActionMask = 2147483647;
			files = (
				F5C435DE2B539FB500E7E921 /* AppDelegate.swift in Sources */,
				F5C435E02B539FB500E7E921 /* SceneDelegate.swift in Sources */,
				F5C435E22B539FB500E7E921 /* ContentView.swift in Sources */,
			);
			runOnlyForDeploymentPostprocessing = 0;
		};
		F5C435EC2B539FB800E7E921 /* Sources */ = {
			isa = PBXSourcesBuildPhase;
			buildActionMask = 2147483647;
			files = (
				F5C435F52B539FB800E7E921 /* LoginTests.swift in Sources */,
			);
			runOnlyForDeploymentPostprocessing = 0;
		};
		F5C435F72B539FB800E7E921 /* Sources */ = {
			isa = PBXSourcesBuildPhase;
			buildActionMask = 2147483647;
			files = (
				F5C436002B539FB800E7E921 /* LoginUITests.swift in Sources */,
			);
			runOnlyForDeploymentPostprocessing = 0;
		};
/* End PBXSourcesBuildPhase section */

/* Begin PBXTargetDependency section */
		F5C435F22B539FB800E7E921 /* PBXTargetDependency */ = {
			isa = PBXTargetDependency;
			target = F5C435D92B539FB500E7E921 /* Login */;
			targetProxy = F5C435F12B539FB800E7E921 /* PBXContainerItemProxy */;
		};
		F5C435FD2B539FB800E7E921 /* PBXTargetDependency */ = {
			isa = PBXTargetDependency;
			target = F5C435D92B539FB500E7E921 /* Login */;
			targetProxy = F5C435FC2B539FB800E7E921 /* PBXContainerItemProxy */;
		};
/* End PBXTargetDependency section */

/* Begin PBXVariantGroup section */
		F5C435E82B539FB800E7E921 /* LaunchScreen.storyboard */ = {
			isa = PBXVariantGroup;
			children = (
				F5C435E92B539FB800E7E921 /* Base */,
			);
			name = LaunchScreen.storyboard;
			sourceTree = "<group>";
		};
/* End PBXVariantGroup section */

/* Begin XCBuildConfiguration section */
		F5C436022B539FB800E7E921 /* Debug */ = {
			isa = XCBuildConfiguration;
			buildSettings = {
				ALWAYS_SEARCH_USER_PATHS = NO;
				CLANG_ANALYZER_NONNULL = YES;
				CLANG_ANALYZER_NUMBER_OBJECT_CONVERSION = YES_AGGRESSIVE;
				CLANG_CXX_LANGUAGE_STANDARD = "gnu++14";
				CLANG_CXX_LIBRARY = "libc++";
				CLANG_ENABLE_MODULES = YES;
				CLANG_ENABLE_OBJC_ARC = YES;
				CLANG_ENABLE_OBJC_WEAK = YES;
				CLANG_WARN_BLOCK_CAPTURE_AUTORELEASING = YES;
				CLANG_WARN_BOOL_CONVERSION = YES;
				CLANG_WARN_COMMA = YES;
				CLANG_WARN_CONSTANT_CONVERSION = YES;
				CLANG_WARN_DEPRECATED_OBJC_IMPLEMENTATIONS = YES;
				CLANG_WARN_DIRECT_OBJC_ISA_USAGE = YES_ERROR;
				CLANG_WARN_DOCUMENTATION_COMMENTS = YES;
				CLANG_WARN_EMPTY_BODY = YES;
				CLANG_WARN_ENUM_CONVERSION = YES;
				CLANG_WARN_INFINITE_RECURSION = YES;
				CLANG_WARN_INT_CONVERSION = YES;
				CLANG_WARN_NON_LITERAL_NULL_CONVERSION = YES;
				CLANG_WARN_OBJC_IMPLICIT_RETAIN_SELF = YES;
				CLANG_WARN_OBJC_LITERAL_CONVERSION = YES;
				CLANG_WARN_OBJC_ROOT_CLASS = YES_ERROR;
				CLANG_WARN_QUOTED_INCLUDE_IN_FRAMEWORK_HEADER = YES;
				CLANG_WARN_RANGE_LOOP_ANALYSIS = YES;
				CLANG_WARN_STRICT_PROTOTYPES = YES;
				CLANG_WARN_SUSPICIOUS_MOVE = YES;
				CLANG_WARN_UNGUARDED_AVAILABILITY = YES_AGGRESSIVE;
				CLANG_WARN_UNREACHABLE_CODE = YES;
				CLANG_WARN__DUPLICATE_METHOD_MATCH = YES;
				COPY_PHASE_STRIP = NO;
				DEBUG_INFORMATION_FORMAT = dwarf;
				ENABLE_STRICT_OBJC_MSGSEND = YES;
				ENABLE_TESTABILITY = YES;
				GCC_C_LANGUAGE_STANDARD = gnu11;
				GCC_DYNAMIC_NO_PIC = NO;
				GCC_NO_COMMON_BLOCKS = YES;
				GCC_OPTIMIZATION_LEVEL = 0;
				GCC_PREPROCESSOR_DEFINITIONS = (
					"DEBUG=1",
					"$(inherited)",
				);
				GCC_WARN_64_TO_32_BIT_CONVERSION = YES;
				GCC_WARN_ABOUT_RETURN_TYPE = YES_ERROR;
				GCC_WARN_UNDECLARED_SELECTOR = YES;
				GCC_WARN_UNINITIALIZED_AUTOS = YES_AGGRESSIVE;
				GCC_WARN_UNUSED_FUNCTION = YES;
				GCC_WARN_UNUSED_VARIABLE = YES;
				IPHONEOS_DEPLOYMENT_TARGET = 14.5;
				MTL_ENABLE_DEBUG_INFO = INCLUDE_SOURCE;
				MTL_FAST_MATH = YES;
				ONLY_ACTIVE_ARCH = YES;
				SDKROOT = iphoneos;
				SWIFT_ACTIVE_COMPILATION_CONDITIONS = DEBUG;
				SWIFT_OPTIMIZATION_LEVEL = "-Onone";
			};
			name = Debug;
		};
		F5C436032B539FB800E7E921 /* Release */ = {
			isa = XCBuildConfiguration;
			buildSettings = {
				ALWAYS_SEARCH_USER_PATHS = NO;
				CLANG_ANALYZER_NONNULL = YES;
				CLANG_ANALYZER_NUMBER_OBJECT_CONVERSION = YES_AGGRESSIVE;
				CLANG_CXX_LANGUAGE_STANDARD = "gnu++14";
				CLANG_CXX_LIBRARY = "libc++";
				CLANG_ENABLE_MODULES = YES;
				CLANG_ENABLE_OBJC_ARC = YES;
				CLANG_ENABLE_OBJC_WEAK = YES;
				CLANG_WARN_BLOCK_CAPTURE_AUTORELEASING = YES;
				CLANG_WARN_BOOL_CONVERSION = YES;
				CLANG_WARN_COMMA = YES;
				CLANG_WARN_CONSTANT_CONVERSION = YES;
				CLANG_WARN_DEPRECATED_OBJC_IMPLEMENTATIONS = YES;
				CLANG_WARN_DIRECT_OBJC_ISA_USAGE = YES_ERROR;
				CLANG_WARN_DOCUMENTATION_COMMENTS = YES;
				CLANG_WARN_EMPTY_BODY = YES;
				CLANG_WARN_ENUM_CONVERSION = YES;
				CLANG_WARN_INFINITE_RECURSION = YES;
				CLANG_WARN_INT_CONVERSION = YES;
				CLANG_WARN_NON_LITERAL_NULL_CONVERSION = YES;
				CLANG_WARN_OBJC_IMPLICIT_RETAIN_SELF = YES;
				CLANG_WARN_OBJC_LITERAL_CONVERSION = YES;
				CLANG_WARN_OBJC_ROOT_CLASS = YES_ERROR;
				CLANG_WARN_QUOTED_INCLUDE_IN_FRAMEWORK_HEADER = YES;
				CLANG_WARN_RANGE_LOOP_ANALYSIS = YES;
				CLANG_WARN_STRICT_PROTOTYPES = YES;
				CLANG_WARN_SUSPICIOUS_MOVE = YES;
				CLANG_WARN_UNGUARDED_AVAILABILITY = YES_AGGRESSIVE;
				CLANG_WARN_UNREACHABLE_CODE = YES;
				CLANG_WARN__DUPLICATE_METHOD_MATCH = YES;
				COPY_PHASE_STRIP = NO;
				DEBUG_INFORMATION_FORMAT = "dwarf-with-dsym";
				ENABLE_NS_ASSERTIONS = NO;
				ENABLE_STRICT_OBJC_MSGSEND = YES;
				GCC_C_LANGUAGE_STANDARD = gnu11;
				GCC_NO_COMMON_BLOCKS = YES;
				GCC_WARN_64_TO_32_BIT_CONVERSION = YES;
				GCC_WARN_ABOUT_RETURN_TYPE = YES_ERROR;
				GCC_WARN_UNDECLARED_SELECTOR = YES;
				GCC_WARN_UNINITIALIZED_AUTOS = YES_AGGRESSIVE;
				GCC_WARN_UNUSED_FUNCTION = YES;
				GCC_WARN_UNUSED_VARIABLE = YES;
				IPHONEOS_DEPLOYMENT_TARGET = 14.5;
				MTL_ENABLE_DEBUG_INFO = NO;
				MTL_FAST_MATH = YES;
				SDKROOT = iphoneos;
				SWIFT_COMPILATION_MODE = wholemodule;
				SWIFT_OPTIMIZATION_LEVEL = "-O";
				VALIDATE_PRODUCT = YES;
			};
			name = Release;
		};
		F5C436052B539FB800E7E921 /* Debug */ = {
			isa = XCBuildConfiguration;
			buildSettings = {
				ASSETCATALOG_COMPILER_APPICON_NAME = AppIcon;
				ASSETCATALOG_COMPILER_GLOBAL_ACCENT_COLOR_NAME = AccentColor;
				CODE_SIGN_STYLE = Automatic;
				DEVELOPMENT_ASSET_PATHS = "\"Login/Preview Content\"";
				DEVELOPMENT_TEAM = 9TSQ92962C;
				ENABLE_PREVIEWS = YES;
				INFOPLIST_FILE = Login/Info.plist;
				LD_RUNPATH_SEARCH_PATHS = (
					"$(inherited)",
					"@executable_path/Frameworks",
				);
				PRODUCT_BUNDLE_IDENTIFIER = abdelhadi.io.data.Login;
				PRODUCT_NAME = "$(TARGET_NAME)";
				SWIFT_VERSION = 5.0;
				TARGETED_DEVICE_FAMILY = "1,2";
			};
			name = Debug;
		};
		F5C436062B539FB800E7E921 /* Release */ = {
			isa = XCBuildConfiguration;
			buildSettings = {
				ASSETCATALOG_COMPILER_APPICON_NAME = AppIcon;
				ASSETCATALOG_COMPILER_GLOBAL_ACCENT_COLOR_NAME = AccentColor;
				CODE_SIGN_STYLE = Automatic;
				DEVELOPMENT_ASSET_PATHS = "\"Login/Preview Content\"";
				DEVELOPMENT_TEAM = 9TSQ92962C;
				ENABLE_PREVIEWS = YES;
				INFOPLIST_FILE = Login/Info.plist;
				LD_RUNPATH_SEARCH_PATHS = (
					"$(inherited)",
					"@executable_path/Frameworks",
				);
				PRODUCT_BUNDLE_IDENTIFIER = abdelhadi.io.data.Login;
				PRODUCT_NAME = "$(TARGET_NAME)";
				SWIFT_VERSION = 5.0;
				TARGETED_DEVICE_FAMILY = "1,2";
			};
			name = Release;
		};
		F5C436082B539FB800E7E921 /* Debug */ = {
			isa = XCBuildConfiguration;
			buildSettings = {
				ALWAYS_EMBED_SWIFT_STANDARD_LIBRARIES = YES;
				BUNDLE_LOADER = "$(TEST_HOST)";
				CODE_SIGN_STYLE = Automatic;
				DEVELOPMENT_TEAM = 9TSQ92962C;
				INFOPLIST_FILE = LoginTests/Info.plist;
				IPHONEOS_DEPLOYMENT_TARGET = 14.5;
				LD_RUNPATH_SEARCH_PATHS = (
					"$(inherited)",
					"@executable_path/Frameworks",
					"@loader_path/Frameworks",
				);
				PRODUCT_BUNDLE_IDENTIFIER = abdelhadi.io.data.LoginTests;
				PRODUCT_NAME = "$(TARGET_NAME)";
				SWIFT_VERSION = 5.0;
				TARGETED_DEVICE_FAMILY = "1,2";
				TEST_HOST = "$(BUILT_PRODUCTS_DIR)/Login.app/Login";
			};
			name = Debug;
		};
		F5C436092B539FB800E7E921 /* Release */ = {
			isa = XCBuildConfiguration;
			buildSettings = {
				ALWAYS_EMBED_SWIFT_STANDARD_LIBRARIES = YES;
				BUNDLE_LOADER = "$(TEST_HOST)";
				CODE_SIGN_STYLE = Automatic;
				DEVELOPMENT_TEAM = 9TSQ92962C;
				INFOPLIST_FILE = LoginTests/Info.plist;
				IPHONEOS_DEPLOYMENT_TARGET = 14.5;
				LD_RUNPATH_SEARCH_PATHS = (
					"$(inherited)",
					"@executable_path/Frameworks",
					"@loader_path/Frameworks",
				);
				PRODUCT_BUNDLE_IDENTIFIER = abdelhadi.io.data.LoginTests;
				PRODUCT_NAME = "$(TARGET_NAME)";
				SWIFT_VERSION = 5.0;
				TARGETED_DEVICE_FAMILY = "1,2";
				TEST_HOST = "$(BUILT_PRODUCTS_DIR)/Login.app/Login";
			};
			name = Release;
		};
		F5C4360B2B539FB800E7E921 /* Debug */ = {
			isa = XCBuildConfiguration;
			buildSettings = {
				ALWAYS_EMBED_SWIFT_STANDARD_LIBRARIES = YES;
				CODE_SIGN_STYLE = Automatic;
				DEVELOPMENT_TEAM = 9TSQ92962C;
				INFOPLIST_FILE = LoginUITests/Info.plist;
				LD_RUNPATH_SEARCH_PATHS = (
					"$(inherited)",
					"@executable_path/Frameworks",
					"@loader_path/Frameworks",
				);
				PRODUCT_BUNDLE_IDENTIFIER = abdelhadi.io.data.LoginUITests;
				PRODUCT_NAME = "$(TARGET_NAME)";
				SWIFT_VERSION = 5.0;
				TARGETED_DEVICE_FAMILY = "1,2";
				TEST_TARGET_NAME = Login;
			};
			name = Debug;
		};
		F5C4360C2B539FB800E7E921 /* Release */ = {
			isa = XCBuildConfiguration;
			buildSettings = {
				ALWAYS_EMBED_SWIFT_STANDARD_LIBRARIES = YES;
				CODE_SIGN_STYLE = Automatic;
				DEVELOPMENT_TEAM = 9TSQ92962C;
				INFOPLIST_FILE = LoginUITests/Info.plist;
				LD_RUNPATH_SEARCH_PATHS = (
					"$(inherited)",
					"@executable_path/Frameworks",
					"@loader_path/Frameworks",
				);
				PRODUCT_BUNDLE_IDENTIFIER = abdelhadi.io.data.LoginUITests;
				PRODUCT_NAME = "$(TARGET_NAME)";
				SWIFT_VERSION = 5.0;
				TARGETED_DEVICE_FAMILY = "1,2";
				TEST_TARGET_NAME = Login;
			};
			name = Release;
		};
/* End XCBuildConfiguration section */

/* Begin XCConfigurationList section */
		F5C435D52B539FB500E7E921 /* Build configuration list for PBXProject "Login" */ = {
			isa = XCConfigurationList;
			buildConfigurations = (
				F5C436022B539FB800E7E921 /* Debug */,
				F5C436032B539FB800E7E921 /* Release */,
			);
			defaultConfigurationIsVisible = 0;
			defaultConfigurationName = Release;
		};
		F5C436042B539FB800E7E921 /* Build configuration list for PBXNativeTarget "Login" */ = {
			isa = XCConfigurationList;
			buildConfigurations = (
				F5C436052B539FB800E7E921 /* Debug */,
				F5C436062B539FB800E7E921 /* Release */,
			);
			defaultConfigurationIsVisible = 0;
			defaultConfigurationName = Release;
		};
		F5C436072B539FB800E7E921 /* Build configuration list for PBXNativeTarget "LoginTests" */ = {
			isa = XCConfigurationList;
			buildConfigurations = (
				F5C436082B539FB800E7E921 /* Debug */,
				F5C436092B539FB800E7E921 /* Release */,
			);
			defaultConfigurationIsVisible = 0;
			defaultConfigurationName = Release;
		};
		F5C4360A2B539FB800E7E921 /* Build configuration list for PBXNativeTarget "LoginUITests" */ = {
			isa = XCConfigurationList;
			buildConfigurations = (
				F5C4360B2B539FB800E7E921 /* Debug */,
				F5C4360C2B539FB800E7E921 /* Release */,
			);
			defaultConfigurationIsVisible = 0;
			defaultConfigurationName = Release;
		};
/* End XCConfigurationList section */
	};
	rootObject = F5C435D22B539FB500E7E921 /* Project object */;
}
